
Microsoft Visual Studio Solution File, Format Version 12.00
# Visual Studio Version 17
VisualStudioVersion = 17.8.34330.188
MinimumVisualStudioVersion = 10.0.40219.1
Project("{2150E333-8FDC-42A3-9474-1A3956D46DE8}") = "src", "src", "{E95C06EF-DC19-4F60-ABBE-C0D31C26769B}"
EndProject
Project("{2150E333-8FDC-42A3-9474-1A3956D46DE8}") = "test", "test", "{5A6C963A-78CC-4197-9A99-316C814A0EDE}"
EndProject
Project("{9A19103F-16F7-4668-BE54-9A1E7A4F7556}") = "Bookify.Domain", "Bookify.Domain\Bookify.Domain.csproj", "{7ECACC24-80D2-4229-BA94-4CDD8A11894C}"
EndProject
Project("{FAE04EC0-301F-11D3-BF4B-00C04F79EFBC}") = "Bookify.Application", "Bookify.Application\Bookify.Application.csproj", "{8259F514-3FFB-4C95-ADA4-084951CF200C}"
EndProject
Project("{FAE04EC0-301F-11D3-BF4B-00C04F79EFBC}") = "Bookify.Infrastructure", "Bookify.Infrastructure\Bookify.Infrastructure.csproj", "{13EC1741-6BFE-4B65-9A3B-9AFD5E75B6A3}"
EndProject
Project("{FAE04EC0-301F-11D3-BF4B-00C04F79EFBC}") = "Bookify.Api", "Bookify.Api\Bookify.Api.csproj", "{6B1C4CFF-2E16-40FE-8203-EA8D6DB0AF32}"
EndProject
Project("{FAE04EC0-301F-11D3-BF4B-00C04F79EFBC}") = "Bookify.Domain.UnitTests", "Bookify.Domain.UnitTests\Bookify.Domain.UnitTests.csproj", "{1C0934AA-8337-49B0-870C-0332B79D014B}"
EndProject
Project("{FAE04EC0-301F-11D3-BF4B-00C04F79EFBC}") = "Bookify.Application.UnitTests", "Bookify.Application.UnitTests\Bookify.Application.UnitTests.csproj", "{88093C5E-0258-4C64-AC69-4EF40CC1B728}"
EndProject
Project("{FAE04EC0-301F-11D3-BF4B-00C04F79EFBC}") = "Bookify.ArchitectureTests", "Bookify.ArchitectureTests\Bookify.ArchitectureTests.csproj", "{F73FF279-C3FB-4F41-AF80-964E10821C01}"
EndProject
Global
	GlobalSection(SolutionConfigurationPlatforms) = preSolution
		Debug|Any CPU = Debug|Any CPU
		Release|Any CPU = Release|Any CPU
	EndGlobalSection
	GlobalSection(ProjectConfigurationPlatforms) = postSolution
		{7ECACC24-80D2-4229-BA94-4CDD8A11894C}.Debug|Any CPU.ActiveCfg = Debug|Any CPU
		{7ECACC24-80D2-4229-BA94-4CDD8A11894C}.Debug|Any CPU.Build.0 = Debug|Any CPU
		{7ECACC24-80D2-4229-BA94-4CDD8A11894C}.Release|Any CPU.ActiveCfg = Release|Any CPU
		{7ECACC24-80D2-4229-BA94-4CDD8A11894C}.Release|Any CPU.Build.0 = Release|Any CPU
		{8259F514-3FFB-4C95-ADA4-084951CF200C}.Debug|Any CPU.ActiveCfg = Debug|Any CPU
		{8259F514-3FFB-4C95-ADA4-084951CF200C}.Debug|Any CPU.Build.0 = Debug|Any CPU
		{8259F514-3FFB-4C95-ADA4-084951CF200C}.Release|Any CPU.ActiveCfg = Release|Any CPU
		{8259F514-3FFB-4C95-ADA4-084951CF200C}.Release|Any CPU.Build.0 = Release|Any CPU
		{13EC1741-6BFE-4B65-9A3B-9AFD5E75B6A3}.Debug|Any CPU.ActiveCfg = Debug|Any CPU
		{13EC1741-6BFE-4B65-9A3B-9AFD5E75B6A3}.Debug|Any CPU.Build.0 = Debug|Any CPU
		{13EC1741-6BFE-4B65-9A3B-9AFD5E75B6A3}.Release|Any CPU.ActiveCfg = Release|Any CPU
		{13EC1741-6BFE-4B65-9A3B-9AFD5E75B6A3}.Release|Any CPU.Build.0 = Release|Any CPU
		{6B1C4CFF-2E16-40FE-8203-EA8D6DB0AF32}.Debug|Any CPU.ActiveCfg = Debug|Any CPU
		{6B1C4CFF-2E16-40FE-8203-EA8D6DB0AF32}.Debug|Any CPU.Build.0 = Debug|Any CPU
		{6B1C4CFF-2E16-40FE-8203-EA8D6DB0AF32}.Release|Any CPU.ActiveCfg = Release|Any CPU
		{6B1C4CFF-2E16-40FE-8203-EA8D6DB0AF32}.Release|Any CPU.Build.0 = Release|Any CPU
		{1C0934AA-8337-49B0-870C-0332B79D014B}.Debug|Any CPU.ActiveCfg = Debug|Any CPU
		{1C0934AA-8337-49B0-870C-0332B79D014B}.Debug|Any CPU.Build.0 = Debug|Any CPU
		{1C0934AA-8337-49B0-870C-0332B79D014B}.Release|Any CPU.ActiveCfg = Release|Any CPU
		{1C0934AA-8337-49B0-870C-0332B79D014B}.Release|Any CPU.Build.0 = Release|Any CPU
		{88093C5E-0258-4C64-AC69-4EF40CC1B728}.Debug|Any CPU.ActiveCfg = Debug|Any CPU
		{88093C5E-0258-4C64-AC69-4EF40CC1B728}.Debug|Any CPU.Build.0 = Debug|Any CPU
		{88093C5E-0258-4C64-AC69-4EF40CC1B728}.Release|Any CPU.ActiveCfg = Release|Any CPU
		{88093C5E-0258-4C64-AC69-4EF40CC1B728}.Release|Any CPU.Build.0 = Release|Any CPU
		{F73FF279-C3FB-4F41-AF80-964E10821C01}.Debug|Any CPU.ActiveCfg = Debug|Any CPU
		{F73FF279-C3FB-4F41-AF80-964E10821C01}.Debug|Any CPU.Build.0 = Debug|Any CPU
		{F73FF279-C3FB-4F41-AF80-964E10821C01}.Release|Any CPU.ActiveCfg = Release|Any CPU
		{F73FF279-C3FB-4F41-AF80-964E10821C01}.Release|Any CPU.Build.0 = Release|Any CPU
	EndGlobalSection
	GlobalSection(SolutionProperties) = preSolution
		HideSolutionNode = FALSE
	EndGlobalSection
	GlobalSection(NestedProjects) = preSolution
		{7ECACC24-80D2-4229-BA94-4CDD8A11894C} = {E95C06EF-DC19-4F60-ABBE-C0D31C26769B}
		{8259F514-3FFB-4C95-ADA4-084951CF200C} = {E95C06EF-DC19-4F60-ABBE-C0D31C26769B}
		{13EC1741-6BFE-4B65-9A3B-9AFD5E75B6A3} = {E95C06EF-DC19-4F60-ABBE-C0D31C26769B}
		{6B1C4CFF-2E16-40FE-8203-EA8D6DB0AF32} = {E95C06EF-DC19-4F60-ABBE-C0D31C26769B}
		{1C0934AA-8337-49B0-870C-0332B79D014B} = {5A6C963A-78CC-4197-9A99-316C814A0EDE}
		{88093C5E-0258-4C64-AC69-4EF40CC1B728} = {5A6C963A-78CC-4197-9A99-316C814A0EDE}
		{F73FF279-C3FB-4F41-AF80-964E10821C01} = {5A6C963A-78CC-4197-9A99-316C814A0EDE}
	EndGlobalSection
	GlobalSection(ExtensibilityGlobals) = postSolution
		SolutionGuid = {5A159D88-9C1F-4244-B280-E2AC28306DFF}
	EndGlobalSection
EndGlobal
